// !$*UTF8*$!
{
	archiveVersion = 1;
	classes = {
	};
	objectVersion = 50;
	objects = {

/* Begin PBXBuildFile section */
		3679FC7A26DD7376000216F8 /* LeagueVC.swift in Sources */ = {isa = PBXBuildFile; fileRef = 3679FC7926DD7376000216F8 /* LeagueVC.swift */; };
		3679FC7C26DD7399000216F8 /* SkillVC.swift in Sources */ = {isa = PBXBuildFile; fileRef = 3679FC7B26DD7399000216F8 /* SkillVC.swift */; };
		36D4222B25C6028E007E98FB /* AppDelegate.swift in Sources */ = {isa = PBXBuildFile; fileRef = 36D4222A25C6028E007E98FB /* AppDelegate.swift */; };
		36D4222D25C6028E007E98FB /* SceneDelegate.swift in Sources */ = {isa = PBXBuildFile; fileRef = 36D4222C25C6028E007E98FB /* SceneDelegate.swift */; };
		36D4222F25C6028E007E98FB /* WelcomeVC.swift in Sources */ = {isa = PBXBuildFile; fileRef = 36D4222E25C6028E007E98FB /* WelcomeVC.swift */; };
		36D4223225C6028E007E98FB /* Main.storyboard in Resources */ = {isa = PBXBuildFile; fileRef = 36D4223025C6028E007E98FB /* Main.storyboard */; };
		36D4223425C6028F007E98FB /* Assets.xcassets in Resources */ = {isa = PBXBuildFile; fileRef = 36D4223325C6028F007E98FB /* Assets.xcassets */; };
		36D4223725C6028F007E98FB /* LaunchScreen.storyboard in Resources */ = {isa = PBXBuildFile; fileRef = 36D4223525C6028F007E98FB /* LaunchScreen.storyboard */; };
		36D4224225C6028F007E98FB /* BasketBallTests.swift in Sources */ = {isa = PBXBuildFile; fileRef = 36D4224125C6028F007E98FB /* BasketBallTests.swift */; };
		36D4224D25C6028F007E98FB /* BasketBallUITests.swift in Sources */ = {isa = PBXBuildFile; fileRef = 36D4224C25C6028F007E98FB /* BasketBallUITests.swift */; };
		36D4225F25C616C9007E98FB /* BorderButton.swift in Sources */ = {isa = PBXBuildFile; fileRef = 36D4225E25C616C9007E98FB /* BorderButton.swift */; };
		36F2394926DD84FA00E20719 /* Player.swift in Sources */ = {isa = PBXBuildFile; fileRef = 36F2394826DD84FA00E20719 /* Player.swift */; };
/* End PBXBuildFile section */

/* Begin PBXContainerItemProxy section */
		36D4223E25C6028F007E98FB /* PBXContainerItemProxy */ = {
			isa = PBXContainerItemProxy;
			containerPortal = 36D4221F25C6028E007E98FB /* Project object */;
			proxyType = 1;
			remoteGlobalIDString = 36D4222625C6028E007E98FB;
			remoteInfo = BasketBall;
		};
		36D4224925C6028F007E98FB /* PBXContainerItemProxy */ = {
			isa = PBXContainerItemProxy;
			containerPortal = 36D4221F25C6028E007E98FB /* Project object */;
			proxyType = 1;
			remoteGlobalIDString = 36D4222625C6028E007E98FB;
			remoteInfo = BasketBall;
		};
/* End PBXContainerItemProxy section */

/* Begin PBXFileReference section */
		3679FC7926DD7376000216F8 /* LeagueVC.swift */ = {isa = PBXFileReference; lastKnownFileType = sourcecode.swift; path = LeagueVC.swift; sourceTree = "<group>"; };
		3679FC7B26DD7399000216F8 /* SkillVC.swift */ = {isa = PBXFileReference; lastKnownFileType = sourcecode.swift; path = SkillVC.swift; sourceTree = "<group>"; };
		36D4222725C6028E007E98FB /* BasketBall.app */ = {isa = PBXFileReference; explicitFileType = wrapper.application; includeInIndex = 0; path = BasketBall.app; sourceTree = BUILT_PRODUCTS_DIR; };
		36D4222A25C6028E007E98FB /* AppDelegate.swift */ = {isa = PBXFileReference; lastKnownFileType = sourcecode.swift; path = AppDelegate.swift; sourceTree = "<group>"; };
		36D4222C25C6028E007E98FB /* SceneDelegate.swift */ = {isa = PBXFileReference; lastKnownFileType = sourcecode.swift; path = SceneDelegate.swift; sourceTree = "<group>"; };
		36D4222E25C6028E007E98FB /* WelcomeVC.swift */ = {isa = PBXFileReference; lastKnownFileType = sourcecode.swift; path = WelcomeVC.swift; sourceTree = "<group>"; };
		36D4223125C6028E007E98FB /* Base */ = {isa = PBXFileReference; lastKnownFileType = file.storyboard; name = Base; path = Base.lproj/Main.storyboard; sourceTree = "<group>"; };
		36D4223325C6028F007E98FB /* Assets.xcassets */ = {isa = PBXFileReference; lastKnownFileType = folder.assetcatalog; path = Assets.xcassets; sourceTree = "<group>"; };
		36D4223625C6028F007E98FB /* Base */ = {isa = PBXFileReference; lastKnownFileType = file.storyboard; name = Base; path = Base.lproj/LaunchScreen.storyboard; sourceTree = "<group>"; };
		36D4223825C6028F007E98FB /* Info.plist */ = {isa = PBXFileReference; lastKnownFileType = text.plist.xml; path = Info.plist; sourceTree = "<group>"; };
		36D4223D25C6028F007E98FB /* BasketBallTests.xctest */ = {isa = PBXFileReference; explicitFileType = wrapper.cfbundle; includeInIndex = 0; path = BasketBallTests.xctest; sourceTree = BUILT_PRODUCTS_DIR; };
		36D4224125C6028F007E98FB /* BasketBallTests.swift */ = {isa = PBXFileReference; lastKnownFileType = sourcecode.swift; path = BasketBallTests.swift; sourceTree = "<group>"; };
		36D4224325C6028F007E98FB /* Info.plist */ = {isa = PBXFileReference; lastKnownFileType = text.plist.xml; path = Info.plist; sourceTree = "<group>"; };
		36D4224825C6028F007E98FB /* BasketBallUITests.xctest */ = {isa = PBXFileReference; explicitFileType = wrapper.cfbundle; includeInIndex = 0; path = BasketBallUITests.xctest; sourceTree = BUILT_PRODUCTS_DIR; };
		36D4224C25C6028F007E98FB /* BasketBallUITests.swift */ = {isa = PBXFileReference; lastKnownFileType = sourcecode.swift; path = BasketBallUITests.swift; sourceTree = "<group>"; };
		36D4224E25C6028F007E98FB /* Info.plist */ = {isa = PBXFileReference; lastKnownFileType = text.plist.xml; path = Info.plist; sourceTree = "<group>"; };
		36D4225E25C616C9007E98FB /* BorderButton.swift */ = {isa = PBXFileReference; lastKnownFileType = sourcecode.swift; path = BorderButton.swift; sourceTree = "<group>"; };
		36F2394826DD84FA00E20719 /* Player.swift */ = {isa = PBXFileReference; lastKnownFileType = sourcecode.swift; path = Player.swift; sourceTree = "<group>"; };
/* End PBXFileReference section */

/* Begin PBXFrameworksBuildPhase section */
		36D4222425C6028E007E98FB /* Frameworks */ = {
			isa = PBXFrameworksBuildPhase;
			buildActionMask = 2147483647;
			files = (
			);
			runOnlyForDeploymentPostprocessing = 0;
		};
		36D4223A25C6028F007E98FB /* Frameworks */ = {
			isa = PBXFrameworksBuildPhase;
			buildActionMask = 2147483647;
			files = (
			);
			runOnlyForDeploymentPostprocessing = 0;
		};
		36D4224525C6028F007E98FB /* Frameworks */ = {
			isa = PBXFrameworksBuildPhase;
			buildActionMask = 2147483647;
			files = (
			);
			runOnlyForDeploymentPostprocessing = 0;
		};
/* End PBXFrameworksBuildPhase section */

/* Begin PBXGroup section */
		36D4221E25C6028E007E98FB = {
			isa = PBXGroup;
			children = (
				36D4222925C6028E007E98FB /* BasketBall */,
				36D4224025C6028F007E98FB /* BasketBallTests */,
				36D4224B25C6028F007E98FB /* BasketBallUITests */,
				36D4222825C6028E007E98FB /* Products */,
			);
			sourceTree = "<group>";
		};
		36D4222825C6028E007E98FB /* Products */ = {
			isa = PBXGroup;
			children = (
				36D4222725C6028E007E98FB /* BasketBall.app */,
				36D4223D25C6028F007E98FB /* BasketBallTests.xctest */,
				36D4224825C6028F007E98FB /* BasketBallUITests.xctest */,
			);
			name = Products;
			sourceTree = "<group>";
		};
		36D4222925C6028E007E98FB /* BasketBall */ = {
			isa = PBXGroup;
			children = (
				36F2394726DD84DB00E20719 /* Model */,
				36FDFD4326DC59F600884F16 /* Controllers */,
				36D4225D25C61697007E98FB /* Views */,
				36D4222A25C6028E007E98FB /* AppDelegate.swift */,
				36D4222C25C6028E007E98FB /* SceneDelegate.swift */,
				36D4223025C6028E007E98FB /* Main.storyboard */,
				36D4223325C6028F007E98FB /* Assets.xcassets */,
				36D4223525C6028F007E98FB /* LaunchScreen.storyboard */,
				36D4223825C6028F007E98FB /* Info.plist */,
			);
			path = BasketBall;
			sourceTree = "<group>";
		};
		36D4224025C6028F007E98FB /* BasketBallTests */ = {
			isa = PBXGroup;
			children = (
				36D4224125C6028F007E98FB /* BasketBallTests.swift */,
				36D4224325C6028F007E98FB /* Info.plist */,
			);
			path = BasketBallTests;
			sourceTree = "<group>";
		};
		36D4224B25C6028F007E98FB /* BasketBallUITests */ = {
			isa = PBXGroup;
			children = (
				36D4224C25C6028F007E98FB /* BasketBallUITests.swift */,
				36D4224E25C6028F007E98FB /* Info.plist */,
			);
			path = BasketBallUITests;
			sourceTree = "<group>";
		};
		36D4225D25C61697007E98FB /* Views */ = {
			isa = PBXGroup;
			children = (
				36D4225E25C616C9007E98FB /* BorderButton.swift */,
			);
			path = Views;
			sourceTree = "<group>";
		};
		36F2394726DD84DB00E20719 /* Model */ = {
			isa = PBXGroup;
			children = (
				36F2394826DD84FA00E20719 /* Player.swift */,
			);
			path = Model;
			sourceTree = "<group>";
		};
		36FDFD4326DC59F600884F16 /* Controllers */ = {
			isa = PBXGroup;
			children = (
				36D4222E25C6028E007E98FB /* WelcomeVC.swift */,
				3679FC7926DD7376000216F8 /* LeagueVC.swift */,
				3679FC7B26DD7399000216F8 /* SkillVC.swift */,
			);
			path = Controllers;
			sourceTree = "<group>";
		};
/* End PBXGroup section */

/* Begin PBXNativeTarget section */
		36D4222625C6028E007E98FB /* BasketBall */ = {
			isa = PBXNativeTarget;
			buildConfigurationList = 36D4225125C6028F007E98FB /* Build configuration list for PBXNativeTarget "BasketBall" */;
			buildPhases = (
				36D4222325C6028E007E98FB /* Sources */,
				36D4222425C6028E007E98FB /* Frameworks */,
				36D4222525C6028E007E98FB /* Resources */,
			);
			buildRules = (
			);
			dependencies = (
			);
			name = BasketBall;
			productName = BasketBall;
			productReference = 36D4222725C6028E007E98FB /* BasketBall.app */;
			productType = "com.apple.product-type.application";
		};
		36D4223C25C6028F007E98FB /* BasketBallTests */ = {
			isa = PBXNativeTarget;
			buildConfigurationList = 36D4225425C6028F007E98FB /* Build configuration list for PBXNativeTarget "BasketBallTests" */;
			buildPhases = (
				36D4223925C6028F007E98FB /* Sources */,
				36D4223A25C6028F007E98FB /* Frameworks */,
				36D4223B25C6028F007E98FB /* Resources */,
			);
			buildRules = (
			);
			dependencies = (
				36D4223F25C6028F007E98FB /* PBXTargetDependency */,
			);
			name = BasketBallTests;
			productName = BasketBallTests;
			productReference = 36D4223D25C6028F007E98FB /* BasketBallTests.xctest */;
			productType = "com.apple.product-type.bundle.unit-test";
		};
		36D4224725C6028F007E98FB /* BasketBallUITests */ = {
			isa = PBXNativeTarget;
			buildConfigurationList = 36D4225725C6028F007E98FB /* Build configuration list for PBXNativeTarget "BasketBallUITests" */;
			buildPhases = (
				36D4224425C6028F007E98FB /* Sources */,
				36D4224525C6028F007E98FB /* Frameworks */,
				36D4224625C6028F007E98FB /* Resources */,
			);
			buildRules = (
			);
			dependencies = (
				36D4224A25C6028F007E98FB /* PBXTargetDependency */,
			);
			name = BasketBallUITests;
			productName = BasketBallUITests;
			productReference = 36D4224825C6028F007E98FB /* BasketBallUITests.xctest */;
			productType = "com.apple.product-type.bundle.ui-testing";
		};
/* End PBXNativeTarget section */

/* Begin PBXProject section */
		36D4221F25C6028E007E98FB /* Project object */ = {
			isa = PBXProject;
			attributes = {
				LastSwiftUpdateCheck = 1230;
				LastUpgradeCheck = 1230;
				TargetAttributes = {
					36D4222625C6028E007E98FB = {
						CreatedOnToolsVersion = 12.3;
					};
					36D4223C25C6028F007E98FB = {
						CreatedOnToolsVersion = 12.3;
						TestTargetID = 36D4222625C6028E007E98FB;
					};
					36D4224725C6028F007E98FB = {
						CreatedOnToolsVersion = 12.3;
						TestTargetID = 36D4222625C6028E007E98FB;
					};
				};
			};
			buildConfigurationList = 36D4222225C6028E007E98FB /* Build configuration list for PBXProject "BasketBall" */;
			compatibilityVersion = "Xcode 9.3";
			developmentRegion = en;
			hasScannedForEncodings = 0;
			knownRegions = (
				en,
				Base,
			);
			mainGroup = 36D4221E25C6028E007E98FB;
			productRefGroup = 36D4222825C6028E007E98FB /* Products */;
			projectDirPath = "";
			projectRoot = "";
			targets = (
				36D4222625C6028E007E98FB /* BasketBall */,
				36D4223C25C6028F007E98FB /* BasketBallTests */,
				36D4224725C6028F007E98FB /* BasketBallUITests */,
			);
		};
/* End PBXProject section */

/* Begin PBXResourcesBuildPhase section */
		36D4222525C6028E007E98FB /* Resources */ = {
			isa = PBXResourcesBuildPhase;
			buildActionMask = 2147483647;
			files = (
				36D4223725C6028F007E98FB /* LaunchScreen.storyboard in Resources */,
				36D4223425C6028F007E98FB /* Assets.xcassets in Resources */,
				36D4223225C6028E007E98FB /* Main.storyboard in Resources */,
			);
			runOnlyForDeploymentPostprocessing = 0;
		};
		36D4223B25C6028F007E98FB /* Resources */ = {
			isa = PBXResourcesBuildPhase;
			buildActionMask = 2147483647;
			files = (
			);
			runOnlyForDeploymentPostprocessing = 0;
		};
		36D4224625C6028F007E98FB /* Resources */ = {
			isa = PBXResourcesBuildPhase;
			buildActionMask = 2147483647;
			files = (
			);
			runOnlyForDeploymentPostprocessing = 0;
		};
/* End PBXResourcesBuildPhase section */

/* Begin PBXSourcesBuildPhase section */
		36D4222325C6028E007E98FB /* Sources */ = {
			isa = PBXSourcesBuildPhase;
			buildActionMask = 2147483647;
			files = (
				3679FC7A26DD7376000216F8 /* LeagueVC.swift in Sources */,
				36D4222F25C6028E007E98FB /* WelcomeVC.swift in Sources */,
				36D4222B25C6028E007E98FB /* AppDelegate.swift in Sources */,
				36D4222D25C6028E007E98FB /* SceneDelegate.swift in Sources */,
				36F2394926DD84FA00E20719 /* Player.swift in Sources */,
				3679FC7C26DD7399000216F8 /* SkillVC.swift in Sources */,
				36D4225F25C616C9007E98FB /* BorderButton.swift in Sources */,
			);
			runOnlyForDeploymentPostprocessing = 0;
		};
		36D4223925C6028F007E98FB /* Sources */ = {
			isa = PBXSourcesBuildPhase;
			buildActionMask = 2147483647;
			files = (
				36D4224225C6028F007E98FB /* BasketBallTests.swift in Sources */,
			);
			runOnlyForDeploymentPostprocessing = 0;
		};
		36D4224425C6028F007E98FB /* Sources */ = {
			isa = PBXSourcesBuildPhase;
			buildActionMask = 2147483647;
			files = (
				36D4224D25C6028F007E98FB /* BasketBallUITests.swift in Sources */,
			);
			runOnlyForDeploymentPostprocessing = 0;
		};
/* End PBXSourcesBuildPhase section */

/* Begin PBXTargetDependency section */
		36D4223F25C6028F007E98FB /* PBXTargetDependency */ = {
			isa = PBXTargetDependency;
			target = 36D4222625C6028E007E98FB /* BasketBall */;
			targetProxy = 36D4223E25C6028F007E98FB /* PBXContainerItemProxy */;
		};
		36D4224A25C6028F007E98FB /* PBXTargetDependency */ = {
			isa = PBXTargetDependency;
			target = 36D4222625C6028E007E98FB /* BasketBall */;
			targetProxy = 36D4224925C6028F007E98FB /* PBXContainerItemProxy */;
		};
/* End PBXTargetDependency section */

/* Begin PBXVariantGroup section */
		36D4223025C6028E007E98FB /* Main.storyboard */ = {
			isa = PBXVariantGroup;
			children = (
				36D4223125C6028E007E98FB /* Base */,
			);
			name = Main.storyboard;
			sourceTree = "<group>";
		};
		36D4223525C6028F007E98FB /* LaunchScreen.storyboard */ = {
			isa = PBXVariantGroup;
			children = (
				36D4223625C6028F007E98FB /* Base */,
			);
			name = LaunchScreen.storyboard;
			sourceTree = "<group>";
		};
/* End PBXVariantGroup section */

/* Begin XCBuildConfiguration section */
		36D4224F25C6028F007E98FB /* Debug */ = {
			isa = XCBuildConfiguration;
			buildSettings = {
				ALWAYS_SEARCH_USER_PATHS = NO;
				CLANG_ANALYZER_NONNULL = YES;
				CLANG_ANALYZER_NUMBER_OBJECT_CONVERSION = YES_AGGRESSIVE;
				CLANG_CXX_LANGUAGE_STANDARD = "gnu++14";
				CLANG_CXX_LIBRARY = "libc++";
				CLANG_ENABLE_MODULES = YES;
				CLANG_ENABLE_OBJC_ARC = YES;
				CLANG_ENABLE_OBJC_WEAK = YES;
				CLANG_WARN_BLOCK_CAPTURE_AUTORELEASING = YES;
				CLANG_WARN_BOOL_CONVERSION = YES;
				CLANG_WARN_COMMA = YES;
				CLANG_WARN_CONSTANT_CONVERSION = YES;
				CLANG_WARN_DEPRECATED_OBJC_IMPLEMENTATIONS = YES;
				CLANG_WARN_DIRECT_OBJC_ISA_USAGE = YES_ERROR;
				CLANG_WARN_DOCUMENTATION_COMMENTS = YES;
				CLANG_WARN_EMPTY_BODY = YES;
				CLANG_WARN_ENUM_CONVERSION = YES;
				CLANG_WARN_INFINITE_RECURSION = YES;
				CLANG_WARN_INT_CONVERSION = YES;
				CLANG_WARN_NON_LITERAL_NULL_CONVERSION = YES;
				CLANG_WARN_OBJC_IMPLICIT_RETAIN_SELF = YES;
				CLANG_WARN_OBJC_LITERAL_CONVERSION = YES;
				CLANG_WARN_OBJC_ROOT_CLASS = YES_ERROR;
				CLANG_WARN_QUOTED_INCLUDE_IN_FRAMEWORK_HEADER = YES;
				CLANG_WARN_RANGE_LOOP_ANALYSIS = YES;
				CLANG_WARN_STRICT_PROTOTYPES = YES;
				CLANG_WARN_SUSPICIOUS_MOVE = YES;
				CLANG_WARN_UNGUARDED_AVAILABILITY = YES_AGGRESSIVE;
				CLANG_WARN_UNREACHABLE_CODE = YES;
				CLANG_WARN__DUPLICATE_METHOD_MATCH = YES;
				COPY_PHASE_STRIP = NO;
				DEBUG_INFORMATION_FORMAT = dwarf;
				ENABLE_STRICT_OBJC_MSGSEND = YES;
				ENABLE_TESTABILITY = YES;
				GCC_C_LANGUAGE_STANDARD = gnu11;
				GCC_DYNAMIC_NO_PIC = NO;
				GCC_NO_COMMON_BLOCKS = YES;
				GCC_OPTIMIZATION_LEVEL = 0;
				GCC_PREPROCESSOR_DEFINITIONS = (
					"DEBUG=1",
					"$(inherited)",
				);
				GCC_WARN_64_TO_32_BIT_CONVERSION = YES;
				GCC_WARN_ABOUT_RETURN_TYPE = YES_ERROR;
				GCC_WARN_UNDECLARED_SELECTOR = YES;
				GCC_WARN_UNINITIALIZED_AUTOS = YES_AGGRESSIVE;
				GCC_WARN_UNUSED_FUNCTION = YES;
				GCC_WARN_UNUSED_VARIABLE = YES;
				IPHONEOS_DEPLOYMENT_TARGET = 14.3;
				MTL_ENABLE_DEBUG_INFO = INCLUDE_SOURCE;
				MTL_FAST_MATH = YES;
				ONLY_ACTIVE_ARCH = YES;
				SDKROOT = iphoneos;
				SWIFT_ACTIVE_COMPILATION_CONDITIONS = DEBUG;
				SWIFT_OPTIMIZATION_LEVEL = "-Onone";
			};
			name = Debug;
		};
		36D4225025C6028F007E98FB /* Release */ = {
			isa = XCBuildConfiguration;
			buildSettings = {
				ALWAYS_SEARCH_USER_PATHS = NO;
				CLANG_ANALYZER_NONNULL = YES;
				CLANG_ANALYZER_NUMBER_OBJECT_CONVERSION = YES_AGGRESSIVE;
				CLANG_CXX_LANGUAGE_STANDARD = "gnu++14";
				CLANG_CXX_LIBRARY = "libc++";
				CLANG_ENABLE_MODULES = YES;
				CLANG_ENABLE_OBJC_ARC = YES;
				CLANG_ENABLE_OBJC_WEAK = YES;
				CLANG_WARN_BLOCK_CAPTURE_AUTORELEASING = YES;
				CLANG_WARN_BOOL_CONVERSION = YES;
				CLANG_WARN_COMMA = YES;
				CLANG_WARN_CONSTANT_CONVERSION = YES;
				CLANG_WARN_DEPRECATED_OBJC_IMPLEMENTATIONS = YES;
				CLANG_WARN_DIRECT_OBJC_ISA_USAGE = YES_ERROR;
				CLANG_WARN_DOCUMENTATION_COMMENTS = YES;
				CLANG_WARN_EMPTY_BODY = YES;
				CLANG_WARN_ENUM_CONVERSION = YES;
				CLANG_WARN_INFINITE_RECURSION = YES;
				CLANG_WARN_INT_CONVERSION = YES;
				CLANG_WARN_NON_LITERAL_NULL_CONVERSION = YES;
				CLANG_WARN_OBJC_IMPLICIT_RETAIN_SELF = YES;
				CLANG_WARN_OBJC_LITERAL_CONVERSION = YES;
				CLANG_WARN_OBJC_ROOT_CLASS = YES_ERROR;
				CLANG_WARN_QUOTED_INCLUDE_IN_FRAMEWORK_HEADER = YES;
				CLANG_WARN_RANGE_LOOP_ANALYSIS = YES;
				CLANG_WARN_STRICT_PROTOTYPES = YES;
				CLANG_WARN_SUSPICIOUS_MOVE = YES;
				CLANG_WARN_UNGUARDED_AVAILABILITY = YES_AGGRESSIVE;
				CLANG_WARN_UNREACHABLE_CODE = YES;
				CLANG_WARN__DUPLICATE_METHOD_MATCH = YES;
				COPY_PHASE_STRIP = NO;
				DEBUG_INFORMATION_FORMAT = "dwarf-with-dsym";
				ENABLE_NS_ASSERTIONS = NO;
				ENABLE_STRICT_OBJC_MSGSEND = YES;
				GCC_C_LANGUAGE_STANDARD = gnu11;
				GCC_NO_COMMON_BLOCKS = YES;
				GCC_WARN_64_TO_32_BIT_CONVERSION = YES;
				GCC_WARN_ABOUT_RETURN_TYPE = YES_ERROR;
				GCC_WARN_UNDECLARED_SELECTOR = YES;
				GCC_WARN_UNINITIALIZED_AUTOS = YES_AGGRESSIVE;
				GCC_WARN_UNUSED_FUNCTION = YES;
				GCC_WARN_UNUSED_VARIABLE = YES;
				IPHONEOS_DEPLOYMENT_TARGET = 14.3;
				MTL_ENABLE_DEBUG_INFO = NO;
				MTL_FAST_MATH = YES;
				SDKROOT = iphoneos;
				SWIFT_COMPILATION_MODE = wholemodule;
				SWIFT_OPTIMIZATION_LEVEL = "-O";
				VALIDATE_PRODUCT = YES;
			};
			name = Release;
		};
		36D4225225C6028F007E98FB /* Debug */ = {
			isa = XCBuildConfiguration;
			buildSettings = {
				ASSETCATALOG_COMPILER_APPICON_NAME = AppIcon;
				ASSETCATALOG_COMPILER_GLOBAL_ACCENT_COLOR_NAME = AccentColor;
				CODE_SIGN_STYLE = Automatic;
				DEVELOPMENT_TEAM = QT6GTF4QU6;
				INFOPLIST_FILE = BasketBall/Info.plist;
				LD_RUNPATH_SEARCH_PATHS = (
					"$(inherited)",
					"@executable_path/Frameworks",
				);
				PRODUCT_BUNDLE_IDENTIFIER = xSuperMu.Ultra.BasketBall;
				PRODUCT_NAME = "$(TARGET_NAME)";
				SWIFT_VERSION = 5.0;
				TARGETED_DEVICE_FAMILY = "1,2";
			};
			name = Debug;
		};
		36D4225325C6028F007E98FB /* Release */ = {
			isa = XCBuildConfiguration;
			buildSettings = {
				ASSETCATALOG_COMPILER_APPICON_NAME = AppIcon;
				ASSETCATALOG_COMPILER_GLOBAL_ACCENT_COLOR_NAME = AccentColor;
				CODE_SIGN_STYLE = Automatic;
				DEVELOPMENT_TEAM = QT6GTF4QU6;
				INFOPLIST_FILE = BasketBall/Info.plist;
				LD_RUNPATH_SEARCH_PATHS = (
					"$(inherited)",
					"@executable_path/Frameworks",
				);
				PRODUCT_BUNDLE_IDENTIFIER = xSuperMu.Ultra.BasketBall;
				PRODUCT_NAME = "$(TARGET_NAME)";
				SWIFT_VERSION = 5.0;
				TARGETED_DEVICE_FAMILY = "1,2";
			};
			name = Release;
		};
		36D4225525C6028F007E98FB /* Debug */ = {
			isa = XCBuildConfiguration;
			buildSettings = {
				ALWAYS_EMBED_SWIFT_STANDARD_LIBRARIES = YES;
				BUNDLE_LOADER = "$(TEST_HOST)";
				CODE_SIGN_STYLE = Automatic;
				DEVELOPMENT_TEAM = QT6GTF4QU6;
				INFOPLIST_FILE = BasketBallTests/Info.plist;
				IPHONEOS_DEPLOYMENT_TARGET = 14.3;
				LD_RUNPATH_SEARCH_PATHS = (
					"$(inherited)",
					"@executable_path/Frameworks",
					"@loader_path/Frameworks",
				);
				PRODUCT_BUNDLE_IDENTIFIER = xSuperMu.Ultra.BasketBallTests;
				PRODUCT_NAME = "$(TARGET_NAME)";
				SWIFT_VERSION = 5.0;
				TARGETED_DEVICE_FAMILY = "1,2";
				TEST_HOST = "$(BUILT_PRODUCTS_DIR)/BasketBall.app/BasketBall";
			};
			name = Debug;
		};
		36D4225625C6028F007E98FB /* Release */ = {
			isa = XCBuildConfiguration;
			buildSettings = {
				ALWAYS_EMBED_SWIFT_STANDARD_LIBRARIES = YES;
				BUNDLE_LOADER = "$(TEST_HOST)";
				CODE_SIGN_STYLE = Automatic;
				DEVELOPMENT_TEAM = QT6GTF4QU6;
				INFOPLIST_FILE = BasketBallTests/Info.plist;
				IPHONEOS_DEPLOYMENT_TARGET = 14.3;
				LD_RUNPATH_SEARCH_PATHS = (
					"$(inherited)",
					"@executable_path/Frameworks",
					"@loader_path/Frameworks",
				);
				PRODUCT_BUNDLE_IDENTIFIER = xSuperMu.Ultra.BasketBallTests;
				PRODUCT_NAME = "$(TARGET_NAME)";
				SWIFT_VERSION = 5.0;
				TARGETED_DEVICE_FAMILY = "1,2";
				TEST_HOST = "$(BUILT_PRODUCTS_DIR)/BasketBall.app/BasketBall";
			};
			name = Release;
		};
		36D4225825C6028F007E98FB /* Debug */ = {
			isa = XCBuildConfiguration;
			buildSettings = {
				ALWAYS_EMBED_SWIFT_STANDARD_LIBRARIES = YES;
				CODE_SIGN_STYLE = Automatic;
				DEVELOPMENT_TEAM = QT6GTF4QU6;
				INFOPLIST_FILE = BasketBallUITests/Info.plist;
				LD_RUNPATH_SEARCH_PATHS = (
					"$(inherited)",
					"@executable_path/Frameworks",
					"@loader_path/Frameworks",
				);
				PRODUCT_BUNDLE_IDENTIFIER = xSuperMu.Ultra.BasketBallUITests;
				PRODUCT_NAME = "$(TARGET_NAME)";
				SWIFT_VERSION = 5.0;
				TARGETED_DEVICE_FAMILY = "1,2";
				TEST_TARGET_NAME = BasketBall;
			};
			name = Debug;
		};
		36D4225925C6028F007E98FB /* Release */ = {
			isa = XCBuildConfiguration;
			buildSettings = {
				ALWAYS_EMBED_SWIFT_STANDARD_LIBRARIES = YES;
				CODE_SIGN_STYLE = Automatic;
				DEVELOPMENT_TEAM = QT6GTF4QU6;
				INFOPLIST_FILE = BasketBallUITests/Info.plist;
				LD_RUNPATH_SEARCH_PATHS = (
					"$(inherited)",
					"@executable_path/Frameworks",
					"@loader_path/Frameworks",
				);
				PRODUCT_BUNDLE_IDENTIFIER = xSuperMu.Ultra.BasketBallUITests;
				PRODUCT_NAME = "$(TARGET_NAME)";
				SWIFT_VERSION = 5.0;
				TARGETED_DEVICE_FAMILY = "1,2";
				TEST_TARGET_NAME = BasketBall;
			};
			name = Release;
		};
/* End XCBuildConfiguration section */

/* Begin XCConfigurationList section */
		36D4222225C6028E007E98FB /* Build configuration list for PBXProject "BasketBall" */ = {
			isa = XCConfigurationList;
			buildConfigurations = (
				36D4224F25C6028F007E98FB /* Debug */,
				36D4225025C6028F007E98FB /* Release */,
			);
			defaultConfigurationIsVisible = 0;
			defaultConfigurationName = Release;
		};
		36D4225125C6028F007E98FB /* Build configuration list for PBXNativeTarget "BasketBall" */ = {
			isa = XCConfigurationList;
			buildConfigurations = (
				36D4225225C6028F007E98FB /* Debug */,
				36D4225325C6028F007E98FB /* Release */,
			);
			defaultConfigurationIsVisible = 0;
			defaultConfigurationName = Release;
		};
		36D4225425C6028F007E98FB /* Build configuration list for PBXNativeTarget "BasketBallTests" */ = {
			isa = XCConfigurationList;
			buildConfigurations = (
				36D4225525C6028F007E98FB /* Debug */,
				36D4225625C6028F007E98FB /* Release */,
			);
			defaultConfigurationIsVisible = 0;
			defaultConfigurationName = Release;
		};
		36D4225725C6028F007E98FB /* Build configuration list for PBXNativeTarget "BasketBallUITests" */ = {
			isa = XCConfigurationList;
			buildConfigurations = (
				36D4225825C6028F007E98FB /* Debug */,
				36D4225925C6028F007E98FB /* Release */,
			);
			defaultConfigurationIsVisible = 0;
			defaultConfigurationName = Release;
		};
/* End XCConfigurationList section */
	};
	rootObject = 36D4221F25C6028E007E98FB /* Project object */;
}
